
Microsoft Visual Studio Solution File, Format Version 12.00
# Visual Studio Version 16
VisualStudioVersion = 16.0.29020.237
MinimumVisualStudioVersion = 10.0.40219.1
Project("{8BC9CEB8-8B4A-11D0-8D11-00A0C91BC942}") = "SendKey", "SendKey\SendKey.vcxproj", "{09B438D9-A997-40B4-8A56-3B8C3350BC5D}"
EndProject
Global
	GlobalSection(SolutionConfigurationPlatforms) = preSolution
		Debug|x64 = Debug|x64
		Debug|x86 = Debug|x86
		Release|x64 = Release|x64
		Release|x86 = Release|x86
	EndGlobalSection
	GlobalSection(ProjectConfigurationPlatforms) = postSolution
		{09B438D9-A997-40B4-8A56-3B8C3350BC5D}.Debug|x64.ActiveCfg = Debug|x64
		{09B438D9-A997-40B4-8A56-3B8C3350BC5D}.Debug|x64.Build.0 = Debug|x64
		{09B438D9-A997-40B4-8A56-3B8C3350BC5D}.Debug|x86.ActiveCfg = Debug|Win32
		{09B438D9-A997-40B4-8A56-3B8C3350BC5D}.Debug|x86.Build.0 = Debug|Win32
		{09B438D9-A997-40B4-8A56-3B8C3350BC5D}.Release|x64.ActiveCfg = Release|x64
		{09B438D9-A997-40B4-8A56-3B8C3350BC5D}.Release|x64.Build.0 = Release|x64
		{09B438D9-A997-40B4-8A56-3B8C3350BC5D}.Release|x86.ActiveCfg = Release|Win32
		{09B438D9-A997-40B4-8A56-3B8C3350BC5D}.Release|x86.Build.0 = Release|Win32
	EndGlobalSection
	GlobalSection(SolutionProperties) = preSolution
		HideSolutionNode = FALSE
	EndGlobalSection
	GlobalSection(ExtensibilityGlobals) = postSolution
		SolutionGuid = {0F9C1A99-B01C-4905-8B73-330B08C4FDF2}
	EndGlobalSection
EndGlobal
